
Microsoft Visual Studio Solution File, Format Version 12.00
# Visual Studio 2012
Project("{FAE04EC0-301F-11D3-BF4B-00C04F79EFBC}") = "SmartDocTestApp.Core", "SmartDocTestApp\SmartDocTestApp\SmartDocTestApp.Core.csproj", "{BAA1EB01-2F9B-42C2-934D-E0A6431EA7ED}"
EndProject
Project("{FAE04EC0-301F-11D3-BF4B-00C04F79EFBC}") = "SmartDocTestApp.Droid", "SmartDocTestApp\SmartDocTestApp.Droid\SmartDocTestApp.Droid.csproj", "{DEDC84DE-1BED-48CB-A8EF-A05950E263AA}"
EndProject
Project("{FAE04EC0-301F-11D3-BF4B-00C04F79EFBC}") = "SmartDocTestApp.Phone", "SmartDocTestApp\SmartDocTestApp.Phone\SmartDocTestApp.Phone.csproj", "{BACB41DB-F67A-41EF-B802-438B46C6FF30}"
EndProject
Global
	GlobalSection(SolutionConfigurationPlatforms) = preSolution
		Debug|Any CPU = Debug|Any CPU
		Debug|ARM = Debug|ARM
		Debug|x86 = Debug|x86
		Release|Any CPU = Release|Any CPU
		Release|ARM = Release|ARM
		Release|x86 = Release|x86
	EndGlobalSection
	GlobalSection(ProjectConfigurationPlatforms) = postSolution
		{BAA1EB01-2F9B-42C2-934D-E0A6431EA7ED}.Debug|Any CPU.ActiveCfg = Debug|Any CPU
		{BAA1EB01-2F9B-42C2-934D-E0A6431EA7ED}.Debug|Any CPU.Build.0 = Debug|Any CPU
		{BAA1EB01-2F9B-42C2-934D-E0A6431EA7ED}.Debug|ARM.ActiveCfg = Debug|Any CPU
		{BAA1EB01-2F9B-42C2-934D-E0A6431EA7ED}.Debug|x86.ActiveCfg = Debug|Any CPU
		{BAA1EB01-2F9B-42C2-934D-E0A6431EA7ED}.Release|Any CPU.ActiveCfg = Release|Any CPU
		{BAA1EB01-2F9B-42C2-934D-E0A6431EA7ED}.Release|Any CPU.Build.0 = Release|Any CPU
		{BAA1EB01-2F9B-42C2-934D-E0A6431EA7ED}.Release|ARM.ActiveCfg = Release|Any CPU
		{BAA1EB01-2F9B-42C2-934D-E0A6431EA7ED}.Release|x86.ActiveCfg = Release|Any CPU
		{DEDC84DE-1BED-48CB-A8EF-A05950E263AA}.Debug|Any CPU.ActiveCfg = Debug|Any CPU
		{DEDC84DE-1BED-48CB-A8EF-A05950E263AA}.Debug|Any CPU.Build.0 = Debug|Any CPU
		{DEDC84DE-1BED-48CB-A8EF-A05950E263AA}.Debug|Any CPU.Deploy.0 = Debug|Any CPU
		{DEDC84DE-1BED-48CB-A8EF-A05950E263AA}.Debug|ARM.ActiveCfg = Debug|Any CPU
		{DEDC84DE-1BED-48CB-A8EF-A05950E263AA}.Debug|x86.ActiveCfg = Debug|Any CPU
		{DEDC84DE-1BED-48CB-A8EF-A05950E263AA}.Release|Any CPU.ActiveCfg = Release|Any CPU
		{DEDC84DE-1BED-48CB-A8EF-A05950E263AA}.Release|Any CPU.Build.0 = Release|Any CPU
		{DEDC84DE-1BED-48CB-A8EF-A05950E263AA}.Release|Any CPU.Deploy.0 = Release|Any CPU
		{DEDC84DE-1BED-48CB-A8EF-A05950E263AA}.Release|ARM.ActiveCfg = Release|Any CPU
		{DEDC84DE-1BED-48CB-A8EF-A05950E263AA}.Release|x86.ActiveCfg = Release|Any CPU
		{BACB41DB-F67A-41EF-B802-438B46C6FF30}.Debug|Any CPU.ActiveCfg = Debug|Any CPU
		{BACB41DB-F67A-41EF-B802-438B46C6FF30}.Debug|Any CPU.Build.0 = Debug|Any CPU
		{BACB41DB-F67A-41EF-B802-438B46C6FF30}.Debug|Any CPU.Deploy.0 = Debug|Any CPU
		{BACB41DB-F67A-41EF-B802-438B46C6FF30}.Debug|ARM.ActiveCfg = Debug|ARM
		{BACB41DB-F67A-41EF-B802-438B46C6FF30}.Debug|ARM.Build.0 = Debug|ARM
		{BACB41DB-F67A-41EF-B802-438B46C6FF30}.Debug|ARM.Deploy.0 = Debug|ARM
		{BACB41DB-F67A-41EF-B802-438B46C6FF30}.Debug|x86.ActiveCfg = Debug|x86
		{BACB41DB-F67A-41EF-B802-438B46C6FF30}.Debug|x86.Build.0 = Debug|x86
		{BACB41DB-F67A-41EF-B802-438B46C6FF30}.Debug|x86.Deploy.0 = Debug|x86
		{BACB41DB-F67A-41EF-B802-438B46C6FF30}.Release|Any CPU.ActiveCfg = Release|Any CPU
		{BACB41DB-F67A-41EF-B802-438B46C6FF30}.Release|Any CPU.Build.0 = Release|Any CPU
		{BACB41DB-F67A-41EF-B802-438B46C6FF30}.Release|Any CPU.Deploy.0 = Release|Any CPU
		{BACB41DB-F67A-41EF-B802-438B46C6FF30}.Release|ARM.ActiveCfg = Release|ARM
		{BACB41DB-F67A-41EF-B802-438B46C6FF30}.Release|ARM.Build.0 = Release|ARM
		{BACB41DB-F67A-41EF-B802-438B46C6FF30}.Release|ARM.Deploy.0 = Release|ARM
		{BACB41DB-F67A-41EF-B802-438B46C6FF30}.Release|x86.ActiveCfg = Release|x86
		{BACB41DB-F67A-41EF-B802-438B46C6FF30}.Release|x86.Build.0 = Release|x86
		{BACB41DB-F67A-41EF-B802-438B46C6FF30}.Release|x86.Deploy.0 = Release|x86
	EndGlobalSection
	GlobalSection(SolutionProperties) = preSolution
		HideSolutionNode = FALSE
	EndGlobalSection
EndGlobal
